
Microsoft Visual Studio Solution File, Format Version 12.00
# Visual Studio Version 17
VisualStudioVersion = 17.7.34031.279
MinimumVisualStudioVersion = 10.0.40219.1
Project("{FAE04EC0-301F-11D3-BF4B-00C04F79EFBC}") = "Server", "Server\Server.csproj", "{49950C22-A30A-466A-A5ED-0ACED492D60F}"
EndProject
Global
	GlobalSection(SolutionConfigurationPlatforms) = preSolution
		Debug|Any CPU = Debug|Any CPU
		Release|Any CPU = Release|Any CPU
	EndGlobalSection
	GlobalSection(ProjectConfigurationPlatforms) = postSolution
		{49950C22-A30A-466A-A5ED-0ACED492D60F}.Debug|Any CPU.ActiveCfg = Debug|Any CPU
		{49950C22-A30A-466A-A5ED-0ACED492D60F}.Debug|Any CPU.Build.0 = Debug|Any CPU
		{49950C22-A30A-466A-A5ED-0ACED492D60F}.Release|Any CPU.ActiveCfg = Release|Any CPU
		{49950C22-A30A-466A-A5ED-0ACED492D60F}.Release|Any CPU.Build.0 = Release|Any CPU
	EndGlobalSection
	GlobalSection(SolutionProperties) = preSolution
		HideSolutionNode = FALSE
	EndGlobalSection
	GlobalSection(ExtensibilityGlobals) = postSolution
		SolutionGuid = {4F7B9D93-1AEA-43F2-A58C-7F4EA4D70F36}
	EndGlobalSection
EndGlobal
